
Microsoft Visual Studio Solution File, Format Version 12.00
# Visual Studio Version 16
VisualStudioVersion = 16.0.29409.12
MinimumVisualStudioVersion = 10.0.40219.1
Project("{FAE04EC0-301F-11D3-BF4B-00C04F79EFBC}") = "Ch03Ex01", "Ch03Ex01\Ch03Ex01.csproj", "{2657F102-087C-4D74-AC36-E8063D5B18D8}"
EndProject
Global
	GlobalSection(SolutionConfigurationPlatforms) = preSolution
		Debug|Any CPU = Debug|Any CPU
		Release|Any CPU = Release|Any CPU
	EndGlobalSection
	GlobalSection(ProjectConfigurationPlatforms) = postSolution
		{2657F102-087C-4D74-AC36-E8063D5B18D8}.Debug|Any CPU.ActiveCfg = Debug|Any CPU
		{2657F102-087C-4D74-AC36-E8063D5B18D8}.Debug|Any CPU.Build.0 = Debug|Any CPU
		{2657F102-087C-4D74-AC36-E8063D5B18D8}.Release|Any CPU.ActiveCfg = Release|Any CPU
		{2657F102-087C-4D74-AC36-E8063D5B18D8}.Release|Any CPU.Build.0 = Release|Any CPU
	EndGlobalSection
	GlobalSection(SolutionProperties) = preSolution
		HideSolutionNode = FALSE
	EndGlobalSection
	GlobalSection(ExtensibilityGlobals) = postSolution
		SolutionGuid = {F03C09DA-2681-462D-936C-AB0802C3235D}
	EndGlobalSection
EndGlobal
